
Microsoft Visual Studio Solution File, Format Version 12.00
# Visual Studio Version 17
VisualStudioVersion = 17.3.32929.385
MinimumVisualStudioVersion = 10.0.40219.1
Project("{FAE04EC0-301F-11D3-BF4B-00C04F79EFBC}") = "arrayTask4", "arrayTask4.csproj", "{6345A731-F801-44A3-A577-E8BEB3DB04A6}"
EndProject
Global
	GlobalSection(SolutionConfigurationPlatforms) = preSolution
		Debug|Any CPU = Debug|Any CPU
		Release|Any CPU = Release|Any CPU
	EndGlobalSection
	GlobalSection(ProjectConfigurationPlatforms) = postSolution
		{6345A731-F801-44A3-A577-E8BEB3DB04A6}.Debug|Any CPU.ActiveCfg = Debug|Any CPU
		{6345A731-F801-44A3-A577-E8BEB3DB04A6}.Debug|Any CPU.Build.0 = Debug|Any CPU
		{6345A731-F801-44A3-A577-E8BEB3DB04A6}.Release|Any CPU.ActiveCfg = Release|Any CPU
		{6345A731-F801-44A3-A577-E8BEB3DB04A6}.Release|Any CPU.Build.0 = Release|Any CPU
	EndGlobalSection
	GlobalSection(SolutionProperties) = preSolution
		HideSolutionNode = FALSE
	EndGlobalSection
	GlobalSection(ExtensibilityGlobals) = postSolution
		SolutionGuid = {B039861C-DEF6-4C30-B166-AAB505830347}
	EndGlobalSection
EndGlobal
