
Microsoft Visual Studio Solution File, Format Version 12.00
# Visual Studio Version 17
VisualStudioVersion = 17.9.34622.214
MinimumVisualStudioVersion = 10.0.40219.1
Project("{FAE04EC0-301F-11D3-BF4B-00C04F79EFBC}") = "LastIndexOf", "LastIndexOf\LastIndexOf.csproj", "{20CB40A9-D57D-4FB3-A65D-9A45135D7798}"
EndProject
Project("{FAE04EC0-301F-11D3-BF4B-00C04F79EFBC}") = "ToUpper", "..\ToUpper\ToUpper.csproj", "{043DD4D8-498D-4669-A5BC-4859B7F16EA5}"
EndProject
Project("{FAE04EC0-301F-11D3-BF4B-00C04F79EFBC}") = "Compare", "..\Compare\Compare.csproj", "{2FF683B2-8798-45C7-9CEA-72C605A89F6B}"
EndProject
Project("{FAE04EC0-301F-11D3-BF4B-00C04F79EFBC}") = "Concat", "..\Concat\Concat.csproj", "{E058F604-2F61-4A47-ADC7-27E91C5BCFD4}"
EndProject
Project("{FAE04EC0-301F-11D3-BF4B-00C04F79EFBC}") = "Contains", "Contains\Contains.csproj", "{34C76A00-4A43-4A89-9CD1-AAF72B8B5CF4}"
EndProject
Global
	GlobalSection(SolutionConfigurationPlatforms) = preSolution
		Debug|Any CPU = Debug|Any CPU
		Release|Any CPU = Release|Any CPU
	EndGlobalSection
	GlobalSection(ProjectConfigurationPlatforms) = postSolution
		{20CB40A9-D57D-4FB3-A65D-9A45135D7798}.Debug|Any CPU.ActiveCfg = Debug|Any CPU
		{20CB40A9-D57D-4FB3-A65D-9A45135D7798}.Debug|Any CPU.Build.0 = Debug|Any CPU
		{20CB40A9-D57D-4FB3-A65D-9A45135D7798}.Release|Any CPU.ActiveCfg = Release|Any CPU
		{20CB40A9-D57D-4FB3-A65D-9A45135D7798}.Release|Any CPU.Build.0 = Release|Any CPU
		{043DD4D8-498D-4669-A5BC-4859B7F16EA5}.Debug|Any CPU.ActiveCfg = Debug|Any CPU
		{043DD4D8-498D-4669-A5BC-4859B7F16EA5}.Debug|Any CPU.Build.0 = Debug|Any CPU
		{043DD4D8-498D-4669-A5BC-4859B7F16EA5}.Release|Any CPU.ActiveCfg = Release|Any CPU
		{043DD4D8-498D-4669-A5BC-4859B7F16EA5}.Release|Any CPU.Build.0 = Release|Any CPU
		{2FF683B2-8798-45C7-9CEA-72C605A89F6B}.Debug|Any CPU.ActiveCfg = Debug|Any CPU
		{2FF683B2-8798-45C7-9CEA-72C605A89F6B}.Debug|Any CPU.Build.0 = Debug|Any CPU
		{2FF683B2-8798-45C7-9CEA-72C605A89F6B}.Release|Any CPU.ActiveCfg = Release|Any CPU
		{2FF683B2-8798-45C7-9CEA-72C605A89F6B}.Release|Any CPU.Build.0 = Release|Any CPU
		{E058F604-2F61-4A47-ADC7-27E91C5BCFD4}.Debug|Any CPU.ActiveCfg = Debug|Any CPU
		{E058F604-2F61-4A47-ADC7-27E91C5BCFD4}.Debug|Any CPU.Build.0 = Debug|Any CPU
		{E058F604-2F61-4A47-ADC7-27E91C5BCFD4}.Release|Any CPU.ActiveCfg = Release|Any CPU
		{E058F604-2F61-4A47-ADC7-27E91C5BCFD4}.Release|Any CPU.Build.0 = Release|Any CPU
		{34C76A00-4A43-4A89-9CD1-AAF72B8B5CF4}.Debug|Any CPU.ActiveCfg = Debug|Any CPU
		{34C76A00-4A43-4A89-9CD1-AAF72B8B5CF4}.Debug|Any CPU.Build.0 = Debug|Any CPU
		{34C76A00-4A43-4A89-9CD1-AAF72B8B5CF4}.Release|Any CPU.ActiveCfg = Release|Any CPU
		{34C76A00-4A43-4A89-9CD1-AAF72B8B5CF4}.Release|Any CPU.Build.0 = Release|Any CPU
	EndGlobalSection
	GlobalSection(SolutionProperties) = preSolution
		HideSolutionNode = FALSE
	EndGlobalSection
	GlobalSection(ExtensibilityGlobals) = postSolution
		SolutionGuid = {BA2577C9-ADB6-4467-BE79-27DE4E1B72B8}
	EndGlobalSection
EndGlobal
