
Microsoft Visual Studio Solution File, Format Version 12.00
# Visual Studio Version 17
VisualStudioVersion = 17.3.32929.385
MinimumVisualStudioVersion = 10.0.40219.1
Project("{FAE04EC0-301F-11D3-BF4B-00C04F79EFBC}") = "RefOutTask2", "RefOutTask2.csproj", "{C4EFBC72-9F28-41A1-880B-E9670B70C0DC}"
EndProject
Project("{FAE04EC0-301F-11D3-BF4B-00C04F79EFBC}") = "RefOutTask3", "..\RefOutTask3\RefOutTask3.csproj", "{BDAC24A1-D604-47F0-86F3-A661122DA18C}"
EndProject
Global
	GlobalSection(SolutionConfigurationPlatforms) = preSolution
		Debug|Any CPU = Debug|Any CPU
		Release|Any CPU = Release|Any CPU
	EndGlobalSection
	GlobalSection(ProjectConfigurationPlatforms) = postSolution
		{C4EFBC72-9F28-41A1-880B-E9670B70C0DC}.Debug|Any CPU.ActiveCfg = Debug|Any CPU
		{C4EFBC72-9F28-41A1-880B-E9670B70C0DC}.Debug|Any CPU.Build.0 = Debug|Any CPU
		{C4EFBC72-9F28-41A1-880B-E9670B70C0DC}.Release|Any CPU.ActiveCfg = Release|Any CPU
		{C4EFBC72-9F28-41A1-880B-E9670B70C0DC}.Release|Any CPU.Build.0 = Release|Any CPU
		{BDAC24A1-D604-47F0-86F3-A661122DA18C}.Debug|Any CPU.ActiveCfg = Debug|Any CPU
		{BDAC24A1-D604-47F0-86F3-A661122DA18C}.Debug|Any CPU.Build.0 = Debug|Any CPU
		{BDAC24A1-D604-47F0-86F3-A661122DA18C}.Release|Any CPU.ActiveCfg = Release|Any CPU
		{BDAC24A1-D604-47F0-86F3-A661122DA18C}.Release|Any CPU.Build.0 = Release|Any CPU
	EndGlobalSection
	GlobalSection(SolutionProperties) = preSolution
		HideSolutionNode = FALSE
	EndGlobalSection
	GlobalSection(ExtensibilityGlobals) = postSolution
		SolutionGuid = {633ACCD3-D902-4EC5-A55E-35BCB3442EE3}
	EndGlobalSection
EndGlobal
