
Microsoft Visual Studio Solution File, Format Version 12.00
# Visual Studio Version 17
VisualStudioVersion = 17.3.32929.385
MinimumVisualStudioVersion = 10.0.40219.1
Project("{FAE04EC0-301F-11D3-BF4B-00C04F79EFBC}") = "loopTask2", "loopTask2\loopTask2.csproj", "{CF29E395-B173-4B3E-97A1-2193E92C6CCA}"
EndProject
Global
	GlobalSection(SolutionConfigurationPlatforms) = preSolution
		Debug|Any CPU = Debug|Any CPU
		Release|Any CPU = Release|Any CPU
	EndGlobalSection
	GlobalSection(ProjectConfigurationPlatforms) = postSolution
		{CF29E395-B173-4B3E-97A1-2193E92C6CCA}.Debug|Any CPU.ActiveCfg = Debug|Any CPU
		{CF29E395-B173-4B3E-97A1-2193E92C6CCA}.Debug|Any CPU.Build.0 = Debug|Any CPU
		{CF29E395-B173-4B3E-97A1-2193E92C6CCA}.Release|Any CPU.ActiveCfg = Release|Any CPU
		{CF29E395-B173-4B3E-97A1-2193E92C6CCA}.Release|Any CPU.Build.0 = Release|Any CPU
	EndGlobalSection
	GlobalSection(SolutionProperties) = preSolution
		HideSolutionNode = FALSE
	EndGlobalSection
	GlobalSection(ExtensibilityGlobals) = postSolution
		SolutionGuid = {A7056E8C-CBEC-4FEE-A7F0-1BA4B905DB07}
	EndGlobalSection
EndGlobal
