
Microsoft Visual Studio Solution File, Format Version 12.00
# Visual Studio Version 17
VisualStudioVersion = 17.3.32929.385
MinimumVisualStudioVersion = 10.0.40219.1
Project("{FAE04EC0-301F-11D3-BF4B-00C04F79EFBC}") = "MethodTask1", "MethodTask1.csproj", "{75B823BF-AA18-41A7-A750-D36677F400F7}"
EndProject
Project("{FAE04EC0-301F-11D3-BF4B-00C04F79EFBC}") = "MethodTask2", "..\MethodTask2\MethodTask2.csproj", "{F2B9D261-6419-4308-859D-1F63DCF56386}"
EndProject
Global
	GlobalSection(SolutionConfigurationPlatforms) = preSolution
		Debug|Any CPU = Debug|Any CPU
		Release|Any CPU = Release|Any CPU
	EndGlobalSection
	GlobalSection(ProjectConfigurationPlatforms) = postSolution
		{75B823BF-AA18-41A7-A750-D36677F400F7}.Debug|Any CPU.ActiveCfg = Debug|Any CPU
		{75B823BF-AA18-41A7-A750-D36677F400F7}.Debug|Any CPU.Build.0 = Debug|Any CPU
		{75B823BF-AA18-41A7-A750-D36677F400F7}.Release|Any CPU.ActiveCfg = Release|Any CPU
		{75B823BF-AA18-41A7-A750-D36677F400F7}.Release|Any CPU.Build.0 = Release|Any CPU
		{F2B9D261-6419-4308-859D-1F63DCF56386}.Debug|Any CPU.ActiveCfg = Debug|Any CPU
		{F2B9D261-6419-4308-859D-1F63DCF56386}.Debug|Any CPU.Build.0 = Debug|Any CPU
		{F2B9D261-6419-4308-859D-1F63DCF56386}.Release|Any CPU.ActiveCfg = Release|Any CPU
		{F2B9D261-6419-4308-859D-1F63DCF56386}.Release|Any CPU.Build.0 = Release|Any CPU
	EndGlobalSection
	GlobalSection(SolutionProperties) = preSolution
		HideSolutionNode = FALSE
	EndGlobalSection
	GlobalSection(ExtensibilityGlobals) = postSolution
		SolutionGuid = {47F0EF31-E678-46B5-996B-CEC166FBD9A1}
	EndGlobalSection
EndGlobal
